
Microsoft Visual Studio Solution File, Format Version 12.00
# Visual Studio Version 17
VisualStudioVersion = 17.9.34622.214
MinimumVisualStudioVersion = 10.0.40219.1
Project("{FAE04EC0-301F-11D3-BF4B-00C04F79EFBC}") = "SANYUKTV2", "SANYUKTV2\SANYUKTV2.csproj", "{31310E0A-8EE9-4517-B0A9-A852BB79E91D}"
EndProject
Project("{2150E333-8FDC-42A3-9474-1A3956D46DE8}") = "MiddleTier", "MiddleTier", "{B9661976-E918-4FB1-8D3B-81E62E5227C4}"
EndProject
Project("{FAE04EC0-301F-11D3-BF4B-00C04F79EFBC}") = "SANYUKT.Datamodel", "SANYUKT.Datamodel\SANYUKT.Datamodel.csproj", "{2DF0BD50-CB59-4B27-B0B2-43067A9BD97E}"
EndProject
Global
	GlobalSection(SolutionConfigurationPlatforms) = preSolution
		Debug|Any CPU = Debug|Any CPU
		Release|Any CPU = Release|Any CPU
	EndGlobalSection
	GlobalSection(ProjectConfigurationPlatforms) = postSolution
		{31310E0A-8EE9-4517-B0A9-A852BB79E91D}.Debug|Any CPU.ActiveCfg = Debug|Any CPU
		{31310E0A-8EE9-4517-B0A9-A852BB79E91D}.Debug|Any CPU.Build.0 = Debug|Any CPU
		{31310E0A-8EE9-4517-B0A9-A852BB79E91D}.Release|Any CPU.ActiveCfg = Release|Any CPU
		{31310E0A-8EE9-4517-B0A9-A852BB79E91D}.Release|Any CPU.Build.0 = Release|Any CPU
		{2DF0BD50-CB59-4B27-B0B2-43067A9BD97E}.Debug|Any CPU.ActiveCfg = Debug|Any CPU
		{2DF0BD50-CB59-4B27-B0B2-43067A9BD97E}.Debug|Any CPU.Build.0 = Debug|Any CPU
		{2DF0BD50-CB59-4B27-B0B2-43067A9BD97E}.Release|Any CPU.ActiveCfg = Release|Any CPU
		{2DF0BD50-CB59-4B27-B0B2-43067A9BD97E}.Release|Any CPU.Build.0 = Release|Any CPU
	EndGlobalSection
	GlobalSection(SolutionProperties) = preSolution
		HideSolutionNode = FALSE
	EndGlobalSection
	GlobalSection(NestedProjects) = preSolution
		{2DF0BD50-CB59-4B27-B0B2-43067A9BD97E} = {B9661976-E918-4FB1-8D3B-81E62E5227C4}
	EndGlobalSection
	GlobalSection(ExtensibilityGlobals) = postSolution
		SolutionGuid = {246EF5EE-9458-4549-AA03-E6AB7F16047F}
	EndGlobalSection
EndGlobal
