
Microsoft Visual Studio Solution File, Format Version 12.00
# Visual Studio Version 17
VisualStudioVersion = 17.9.34622.214
MinimumVisualStudioVersion = 10.0.40219.1
Project("{2150E333-8FDC-42A3-9474-1A3956D46DE8}") = "MiddleTier", "MiddleTier", "{B9661976-E918-4FB1-8D3B-81E62E5227C4}"
EndProject
Project("{9A19103F-16F7-4668-BE54-9A1E7A4F7556}") = "SANYUKT.Datamodel", "SANYUKT.Datamodel\SANYUKT.Datamodel.csproj", "{2DF0BD50-CB59-4B27-B0B2-43067A9BD97E}"
EndProject
Project("{9A19103F-16F7-4668-BE54-9A1E7A4F7556}") = "SANYUKT.Configuration", "SANYUKT.Configuration\SANYUKT.Configuration.csproj", "{0F745A5B-1B81-40AF-A203-928562E4A662}"
EndProject
Project("{2150E333-8FDC-42A3-9474-1A3956D46DE8}") = "Helpers", "Helpers", "{05CA52DE-632C-4013-95D8-F48A21B10EB4}"
EndProject
Project("{9A19103F-16F7-4668-BE54-9A1E7A4F7556}") = "SANYUKT.Commonlib", "SANYUKT.Commonlib\SANYUKT.Commonlib.csproj", "{0037243B-AFB7-4D5C-992B-FA29C9DD4A2B}"
EndProject
Project("{9A19103F-16F7-4668-BE54-9A1E7A4F7556}") = "SANYUKT.Logging", "SANYUKT.Logging\SANYUKT.Logging.csproj", "{867D8EE8-28D1-4FA1-9033-F101B8F134AC}"
EndProject
Project("{2150E333-8FDC-42A3-9474-1A3956D46DE8}") = "Backend", "Backend", "{0A8BB828-EBAE-42C4-9667-DA75D94E6490}"
EndProject
Project("{9A19103F-16F7-4668-BE54-9A1E7A4F7556}") = "SANYUKT.Database", "SANYUKT.Database\SANYUKT.Database.csproj", "{6DB290A6-AAA4-42AC-87C1-283EA5B44203}"
EndProject
Project("{9A19103F-16F7-4668-BE54-9A1E7A4F7556}") = "SANYUKT.Repository", "SANYUKT.Repository\SANYUKT.Repository.csproj", "{3778C7E8-9E51-41BA-B1C0-DA8B1F3038F6}"
EndProject
Project("{9A19103F-16F7-4668-BE54-9A1E7A4F7556}") = "SANYUKT.Provider", "SANYUKT.Provider\SANYUKT.Provider.csproj", "{46FEDA04-CCCE-45C7-AA9E-6F054F46A413}"
EndProject
Project("{2150E333-8FDC-42A3-9474-1A3956D46DE8}") = "API", "API", "{44E44CC7-791E-448A-8263-5B20EFD20DA8}"
EndProject
Project("{FAE04EC0-301F-11D3-BF4B-00C04F79EFBC}") = "SANYUKT.API", "SANYUKT.API\SANYUKT.API.csproj", "{90BE343B-B172-4838-8CC6-7137E121F195}"
EndProject
Global
	GlobalSection(SolutionConfigurationPlatforms) = preSolution
		Debug|Any CPU = Debug|Any CPU
		Release|Any CPU = Release|Any CPU
	EndGlobalSection
	GlobalSection(ProjectConfigurationPlatforms) = postSolution
		{2DF0BD50-CB59-4B27-B0B2-43067A9BD97E}.Debug|Any CPU.ActiveCfg = Debug|Any CPU
		{2DF0BD50-CB59-4B27-B0B2-43067A9BD97E}.Debug|Any CPU.Build.0 = Debug|Any CPU
		{2DF0BD50-CB59-4B27-B0B2-43067A9BD97E}.Release|Any CPU.ActiveCfg = Release|Any CPU
		{2DF0BD50-CB59-4B27-B0B2-43067A9BD97E}.Release|Any CPU.Build.0 = Release|Any CPU
		{0F745A5B-1B81-40AF-A203-928562E4A662}.Debug|Any CPU.ActiveCfg = Debug|Any CPU
		{0F745A5B-1B81-40AF-A203-928562E4A662}.Debug|Any CPU.Build.0 = Debug|Any CPU
		{0F745A5B-1B81-40AF-A203-928562E4A662}.Release|Any CPU.ActiveCfg = Release|Any CPU
		{0F745A5B-1B81-40AF-A203-928562E4A662}.Release|Any CPU.Build.0 = Release|Any CPU
		{0037243B-AFB7-4D5C-992B-FA29C9DD4A2B}.Debug|Any CPU.ActiveCfg = Debug|Any CPU
		{0037243B-AFB7-4D5C-992B-FA29C9DD4A2B}.Debug|Any CPU.Build.0 = Debug|Any CPU
		{0037243B-AFB7-4D5C-992B-FA29C9DD4A2B}.Release|Any CPU.ActiveCfg = Release|Any CPU
		{0037243B-AFB7-4D5C-992B-FA29C9DD4A2B}.Release|Any CPU.Build.0 = Release|Any CPU
		{867D8EE8-28D1-4FA1-9033-F101B8F134AC}.Debug|Any CPU.ActiveCfg = Debug|Any CPU
		{867D8EE8-28D1-4FA1-9033-F101B8F134AC}.Debug|Any CPU.Build.0 = Debug|Any CPU
		{867D8EE8-28D1-4FA1-9033-F101B8F134AC}.Release|Any CPU.ActiveCfg = Release|Any CPU
		{867D8EE8-28D1-4FA1-9033-F101B8F134AC}.Release|Any CPU.Build.0 = Release|Any CPU
		{6DB290A6-AAA4-42AC-87C1-283EA5B44203}.Debug|Any CPU.ActiveCfg = Debug|Any CPU
		{6DB290A6-AAA4-42AC-87C1-283EA5B44203}.Debug|Any CPU.Build.0 = Debug|Any CPU
		{6DB290A6-AAA4-42AC-87C1-283EA5B44203}.Release|Any CPU.ActiveCfg = Release|Any CPU
		{6DB290A6-AAA4-42AC-87C1-283EA5B44203}.Release|Any CPU.Build.0 = Release|Any CPU
		{3778C7E8-9E51-41BA-B1C0-DA8B1F3038F6}.Debug|Any CPU.ActiveCfg = Debug|Any CPU
		{3778C7E8-9E51-41BA-B1C0-DA8B1F3038F6}.Debug|Any CPU.Build.0 = Debug|Any CPU
		{3778C7E8-9E51-41BA-B1C0-DA8B1F3038F6}.Release|Any CPU.ActiveCfg = Release|Any CPU
		{3778C7E8-9E51-41BA-B1C0-DA8B1F3038F6}.Release|Any CPU.Build.0 = Release|Any CPU
		{46FEDA04-CCCE-45C7-AA9E-6F054F46A413}.Debug|Any CPU.ActiveCfg = Debug|Any CPU
		{46FEDA04-CCCE-45C7-AA9E-6F054F46A413}.Debug|Any CPU.Build.0 = Debug|Any CPU
		{46FEDA04-CCCE-45C7-AA9E-6F054F46A413}.Release|Any CPU.ActiveCfg = Release|Any CPU
		{46FEDA04-CCCE-45C7-AA9E-6F054F46A413}.Release|Any CPU.Build.0 = Release|Any CPU
		{90BE343B-B172-4838-8CC6-7137E121F195}.Debug|Any CPU.ActiveCfg = Debug|Any CPU
		{90BE343B-B172-4838-8CC6-7137E121F195}.Debug|Any CPU.Build.0 = Debug|Any CPU
		{90BE343B-B172-4838-8CC6-7137E121F195}.Release|Any CPU.ActiveCfg = Release|Any CPU
		{90BE343B-B172-4838-8CC6-7137E121F195}.Release|Any CPU.Build.0 = Release|Any CPU
	EndGlobalSection
	GlobalSection(SolutionProperties) = preSolution
		HideSolutionNode = FALSE
	EndGlobalSection
	GlobalSection(NestedProjects) = preSolution
		{2DF0BD50-CB59-4B27-B0B2-43067A9BD97E} = {B9661976-E918-4FB1-8D3B-81E62E5227C4}
		{0F745A5B-1B81-40AF-A203-928562E4A662} = {B9661976-E918-4FB1-8D3B-81E62E5227C4}
		{0037243B-AFB7-4D5C-992B-FA29C9DD4A2B} = {05CA52DE-632C-4013-95D8-F48A21B10EB4}
		{867D8EE8-28D1-4FA1-9033-F101B8F134AC} = {05CA52DE-632C-4013-95D8-F48A21B10EB4}
		{6DB290A6-AAA4-42AC-87C1-283EA5B44203} = {0A8BB828-EBAE-42C4-9667-DA75D94E6490}
		{3778C7E8-9E51-41BA-B1C0-DA8B1F3038F6} = {0A8BB828-EBAE-42C4-9667-DA75D94E6490}
		{46FEDA04-CCCE-45C7-AA9E-6F054F46A413} = {0A8BB828-EBAE-42C4-9667-DA75D94E6490}
		{90BE343B-B172-4838-8CC6-7137E121F195} = {44E44CC7-791E-448A-8263-5B20EFD20DA8}
	EndGlobalSection
	GlobalSection(ExtensibilityGlobals) = postSolution
		SolutionGuid = {246EF5EE-9458-4549-AA03-E6AB7F16047F}
	EndGlobalSection
EndGlobal
